<?xml version="1.0" encoding="utf-8"?>
<Project ToolsVersion="4.0" xmlns="http://schemas.microsoft.com/developer/msbuild/2003">
  <ItemGroup>
    <Filter Include="Source Files">
      <UniqueIdentifier>{373a991e-0d83-4e3b-8b9a-2c385b0b3618}</UniqueIdentifier>
      <Extensions>cpp;c;cxx;rc;def;r;asm;bat</Extensions>
    </Filter>
    <Filter Include="Source Files\Sys">
      <UniqueIdentifier>{be291196-a644-490e-ab33-40897b7eb70f}</UniqueIdentifier>
    </Filter>
    <Filter Include="Source Files\Sys\_windows">
      <UniqueIdentifier>{915e6ef8-a372-4833-aef4-af7ce7d71326}</UniqueIdentifier>
    </Filter>
    <Filter Include="Source Files\Sys\_windows\x86">
      <UniqueIdentifier>{a9c1397a-30e7-46b6-8469-9a01786f5c33}</UniqueIdentifier>
    </Filter>
    <Filter Include="Source Files\Sys\_windows\x64">
      <UniqueIdentifier>{3a5af67e-7170-488b-b996-d5aa253d4085}</UniqueIdentifier>
    </Filter>
    <Filter Include="Source Files\Sys\_linux">
      <UniqueIdentifier>{2ebf4589-c0bc-4905-98b6-c60ea496cabc}</UniqueIdentifier>
    </Filter>
    <Filter Include="Source Files\Sys\_macos">
      <UniqueIdentifier>{309a053c-edc3-40a2-a1b2-ef76205d2ad0}</UniqueIdentifier>
    </Filter>
    <Filter Include="Source Files\Sys\_irix">
      <UniqueIdentifier>{05c3cb26-e56f-44a8-8030-8ba108b037e9}</UniqueIdentifier>
    </Filter>
    <Filter Include="Source Files\L-system">
      <UniqueIdentifier>{0fe40f3c-30ce-430f-b2c1-64cd4e20b72a}</UniqueIdentifier>
    </Filter>
    <Filter Include="Source Files\Rendering">
      <UniqueIdentifier>{b0d769e1-bda6-4f24-af13-ce157d394565}</UniqueIdentifier>
    </Filter>
    <Filter Include="Source Files\Rendering\OpenGL">
      <UniqueIdentifier>{71b9cdcd-e7d8-43ad-b88b-1645eb47b522}</UniqueIdentifier>
    </Filter>
    <Filter Include="Source Files\Rendering\OpenGL\Shaders">
      <UniqueIdentifier>{efd741d8-d3bc-4a4c-9a32-5fb0015ad988}</UniqueIdentifier>
    </Filter>
    <Filter Include="Source Files\Rendering\OpenGL\VBOs">
      <UniqueIdentifier>{8bed7f75-81f0-45fa-b376-57e5237de384}</UniqueIdentifier>
    </Filter>
    <Filter Include="Source Files\Rendering\OpenGL\FBOs">
      <UniqueIdentifier>{7c3ca210-34a3-40f0-bc2c-92dbe463d41b}</UniqueIdentifier>
    </Filter>
    <Filter Include="Source Files\Rendering\Animation">
      <UniqueIdentifier>{dbbdeb14-4b8e-48b9-a77c-7948de389cb4}</UniqueIdentifier>
    </Filter>
    <Filter Include="Source Files\Rendering\Post processing">
      <UniqueIdentifier>{aeea9343-12ca-4d00-9501-c25b75b3505c}</UniqueIdentifier>
    </Filter>
    <Filter Include="Source Files\Rendering\Textures">
      <UniqueIdentifier>{0304f0af-dd41-4570-b742-5792d7dae48b}</UniqueIdentifier>
    </Filter>
    <Filter Include="Source Files\Rendering\Text">
      <UniqueIdentifier>{8be5533f-9615-40cc-aac6-ce008711ffab}</UniqueIdentifier>
    </Filter>
    <Filter Include="Source Files\Containers">
      <UniqueIdentifier>{8312adb5-1225-430e-8709-0137024eca2b}</UniqueIdentifier>
    </Filter>
    <Filter Include="Source Files\Sound">
      <UniqueIdentifier>{56c91568-f118-4d32-b2f1-24e607b2fe99}</UniqueIdentifier>
    </Filter>
    <Filter Include="Source Files\Texgen">
      <UniqueIdentifier>{8c8882b9-623c-4fdd-93ad-51c51e5511ab}</UniqueIdentifier>
    </Filter>
    <Filter Include="Source Files\Dialog">
      <UniqueIdentifier>{28000fb8-fd71-4b16-980c-7203efcffb6b}</UniqueIdentifier>
    </Filter>
    <Filter Include="Source Files\Algebra">
      <UniqueIdentifier>{21ce04c4-5b7f-4ebf-a127-c3edb296b0b9}</UniqueIdentifier>
    </Filter>
    <Filter Include="Source Files\Algebra\Interpolation">
      <UniqueIdentifier>{679d38bf-8dfd-4ce0-ad38-119c89847f73}</UniqueIdentifier>
    </Filter>
    <Filter Include="Source Files\Mesh">
      <UniqueIdentifier>{543a61a8-6184-4c17-85e2-1dd2b5188919}</UniqueIdentifier>
    </Filter>
    <Filter Include="Source Files\Tools">
      <UniqueIdentifier>{c2787ec8-3301-43fb-907a-34f1789c8530}</UniqueIdentifier>
    </Filter>
    <Filter Include="Source Files\Tools\Picoc">
      <UniqueIdentifier>{0e79e3a6-0929-4bb1-9313-fe57cfee3424}</UniqueIdentifier>
    </Filter>
    <Filter Include="Source Files\Sequencing">
      <UniqueIdentifier>{50887e07-7e38-447c-8a48-cc662507598d}</UniqueIdentifier>
    </Filter>
    <Filter Include="Source Files\Physique">
      <UniqueIdentifier>{8c0aae51-be2a-453a-806f-5932b8c8f9c4}</UniqueIdentifier>
    </Filter>
    <Filter Include="Source Files\Test Scenes">
      <UniqueIdentifier>{422da8af-58cc-4d3a-844a-4ae9de568189}</UniqueIdentifier>
    </Filter>
    <Filter Include="Source Files\Workshop">
      <UniqueIdentifier>{b31628c0-07c4-4396-a432-eb419f6a1a6f}</UniqueIdentifier>
    </Filter>
    <Filter Include="Data">
      <UniqueIdentifier>{fd04ea9e-a3b3-483f-9d41-d76b6a4d7dc8}</UniqueIdentifier>
    </Filter>
    <Filter Include="Data\Camera">
      <UniqueIdentifier>{b8a5277c-4b3d-40be-a8a2-41a1c1df1083}</UniqueIdentifier>
    </Filter>
    <Filter Include="Data\Light">
      <UniqueIdentifier>{4c107fed-399d-471d-9b6d-5ef7f3a4da06}</UniqueIdentifier>
    </Filter>
    <Filter Include="Data\Textures">
      <UniqueIdentifier>{39b2238d-c6c1-45d3-a3de-dcafff45a47d}</UniqueIdentifier>
    </Filter>
  </ItemGroup>
  <ItemGroup>
    <None Include="src\basicTypes.hh">
      <Filter>Source Files</Filter>
    </None>
    <None Include="src\intro.hh">
      <Filter>Source Files</Filter>
    </None>
    <None Include="src\loading.hh">
      <Filter>Source Files</Filter>
    </None>
    <None Include="src\timing.hh">
      <Filter>Source Files</Filter>
    </None>
    <None Include="src\lsystem.hh">
      <Filter>Source Files\L-system</Filter>
    </None>
    <None Include="src\lsystemalphabet.hh">
      <Filter>Source Files\L-system</Filter>
    </None>
    <None Include="src\camera.hh">
      <Filter>Source Files\Rendering</Filter>
    </None>
    <None Include="src\light.hh">
      <Filter>Source Files\Rendering</Filter>
    </None>
    <None Include="src\node.hh">
      <Filter>Source Files\Rendering</Filter>
    </None>
    <None Include="src\renderable.hh">
      <Filter>Source Files\Rendering</Filter>
    </None>
    <None Include="src\renderlist.hh">
      <Filter>Source Files\Rendering</Filter>
    </None>
    <None Include="src\transformation.hh">
      <Filter>Source Files\Rendering</Filter>
    </None>
    <None Include="src\shaderid.hh">
      <Filter>Source Files\Rendering\OpenGL\Shaders</Filter>
    </None>
    <None Include="src\shaderprogram.hh">
      <Filter>Source Files\Rendering\OpenGL\Shaders</Filter>
    </None>
    <None Include="src\shaders.hh">
      <Filter>Source Files\Rendering\OpenGL\Shaders</Filter>
    </None>
    <None Include="src\vbodata.hh">
      <Filter>Source Files\Rendering\OpenGL\VBOs</Filter>
    </None>
    <None Include="src\vboid.hh">
      <Filter>Source Files\Rendering\OpenGL\VBOs</Filter>
    </None>
    <None Include="src\vbos.hh">
      <Filter>Source Files\Rendering\OpenGL\VBOs</Filter>
    </None>
    <None Include="src\fbodata.hh">
      <Filter>Source Files\Rendering\OpenGL\FBOs</Filter>
    </None>
    <None Include="src\fboid.hh">
      <Filter>Source Files\Rendering\OpenGL\FBOs</Filter>
    </None>
    <None Include="src\fbos.hh">
      <Filter>Source Files\Rendering\OpenGL\FBOs</Filter>
    </None>
    <None Include="src\anim.hh">
      <Filter>Source Files\Rendering\Animation</Filter>
    </None>
    <None Include="src\animid.hh">
      <Filter>Source Files\Rendering\Animation</Filter>
    </None>
    <None Include="src\anims.hh">
      <Filter>Source Files\Rendering\Animation</Filter>
    </None>
    <None Include="src\lensorbs.hh">
      <Filter>Source Files\Rendering\Post processing</Filter>
    </None>
    <None Include="src\textureid.hh">
      <Filter>Source Files\Rendering\Textures</Filter>
    </None>
    <None Include="src\textures.hh">
      <Filter>Source Files\Rendering\Textures</Filter>
    </None>
    <None Include="src\textureunit.hh">
      <Filter>Source Files\Rendering\Textures</Filter>
    </None>
    <None Include="src\font.hh">
      <Filter>Source Files\Rendering\Text</Filter>
    </None>
    <None Include="src\fontsticker.hh">
      <Filter>Source Files\Rendering\Text</Filter>
    </None>
    <None Include="src\fontwrapper.hh">
      <Filter>Source Files\Rendering\Text</Filter>
    </None>
    <None Include="src\array.hh">
      <Filter>Source Files\Containers</Filter>
    </None>
    <None Include="src\queue.hh">
      <Filter>Source Files\Containers</Filter>
    </None>
    <None Include="snd\microphone.hh">
      <Filter>Source Files\Sound</Filter>
    </None>
    <None Include="snd\sync.hh">
      <Filter>Source Files\Sound</Filter>
    </None>
    <None Include="src\texgen\noise.hh">
      <Filter>Source Files\Texgen</Filter>
    </None>
    <None Include="src\texgen\texture.hh">
      <Filter>Source Files\Texgen</Filter>
    </None>
    <None Include="src\dialog.hh">
      <Filter>Source Files\Dialog</Filter>
    </None>
    <None Include="src\matrix.hh">
      <Filter>Source Files\Algebra</Filter>
    </None>
    <None Include="src\quaternion.hh">
      <Filter>Source Files\Algebra</Filter>
    </None>
    <None Include="src\vector.hh">
      <Filter>Source Files\Algebra</Filter>
    </None>
    <None Include="src\interpolation.hh">
      <Filter>Source Files\Algebra\Interpolation</Filter>
    </None>
    <None Include="src\cube.hh">
      <Filter>Source Files\Mesh</Filter>
    </None>
    <None Include="src\mesh.hh">
      <Filter>Source Files\Mesh</Filter>
    </None>
    <None Include="src\revolution.hh">
      <Filter>Source Files\Mesh</Filter>
    </None>
    <None Include="src\revolutionfunctions.hh">
      <Filter>Source Files\Mesh</Filter>
    </None>
    <None Include="src\sceneimporter.hh">
      <Filter>Source Files\Mesh</Filter>
    </None>
    <None Include="src\files.hh">
      <Filter>Source Files\Tools</Filter>
    </None>
    <None Include="src\minify.hh">
      <Filter>Source Files\Tools</Filter>
    </None>
    <None Include="src\server.hh">
      <Filter>Source Files\Tools</Filter>
    </None>
    <None Include="src\stb_image.hh">
      <Filter>Source Files\Tools</Filter>
    </None>
    <None Include="src\picoc_binding.hh">
      <Filter>Source Files\Tools\Picoc</Filter>
    </None>
    <None Include="src\timeline.hh">
      <Filter>Source Files\Sequencing</Filter>
    </None>
    <None Include="src\variable.hh">
      <Filter>Source Files\Sequencing</Filter>
    </None>
    <None Include="src\variables_gen.hh">
      <Filter>Source Files\Sequencing</Filter>
    </None>
    <None Include="src\phy\constants.hh">
      <Filter>Source Files\Physique</Filter>
    </None>
    <None Include="src\phy\constraint.hh">
      <Filter>Source Files\Physique</Filter>
    </None>
    <None Include="src\phy\gjk.hh">
      <Filter>Source Files\Physique</Filter>
    </None>
    <None Include="src\phy\particle.hh">
      <Filter>Source Files\Physique</Filter>
    </None>
    <None Include="src\phy\phy_mesh.hh">
      <Filter>Source Files\Physique</Filter>
    </None>
    <None Include="src\phy\world.hh">
      <Filter>Source Files\Physique</Filter>
    </None>
    <None Include="src\armchair.hh">
      <Filter>Source Files\Workshop</Filter>
    </None>
    <None Include="src\bookshelf.hh">
      <Filter>Source Files\Workshop</Filter>
    </None>
    <None Include="src\carousel.hh">
      <Filter>Source Files\Workshop</Filter>
    </None>
    <None Include="src\chess.hh">
      <Filter>Source Files\Workshop</Filter>
    </None>
    <None Include="src\chimney.hh">
      <Filter>Source Files\Workshop</Filter>
    </None>
    <None Include="src\clock.hh">
      <Filter>Source Files\Workshop</Filter>
    </None>
    <None Include="src\desk.hh">
      <Filter>Source Files\Workshop</Filter>
    </None>
    <None Include="src\drum.hh">
      <Filter>Source Files\Workshop</Filter>
    </None>
    <None Include="src\harp.hh">
      <Filter>Source Files\Workshop</Filter>
    </None>
    <None Include="src\lousianne.hh">
      <Filter>Source Files\Workshop</Filter>
    </None>
    <None Include="src\luxo.hh">
      <Filter>Source Files\Workshop</Filter>
    </None>
    <None Include="src\musicbox.hh">
      <Filter>Source Files\Workshop</Filter>
    </None>
    <None Include="src\orgalame.hh">
      <Filter>Source Files\Workshop</Filter>
    </None>
    <None Include="src\pascontent.hh">
      <Filter>Source Files\Workshop</Filter>
    </None>
    <None Include="src\puppet.hh">
      <Filter>Source Files\Workshop</Filter>
    </None>
    <None Include="src\shelf.hh">
      <Filter>Source Files\Workshop</Filter>
    </None>
    <None Include="src\stool.hh">
      <Filter>Source Files\Workshop</Filter>
    </None>
    <None Include="src\table.hh">
      <Filter>Source Files\Workshop</Filter>
    </None>
    <None Include="src\workshop.hh">
      <Filter>Source Files\Workshop</Filter>
    </None>
    <None Include="src\xylotrain.hh">
      <Filter>Source Files\Workshop</Filter>
    </None>
    <None Include="data\camera\factory.txt">
      <Filter>Data\Camera</Filter>
    </None>
    <None Include="data\light\factory.txt">
      <Filter>Data\Light</Filter>
    </None>
  </ItemGroup>
  <ItemGroup>
    <ClCompile Include="src\init.cc">
      <Filter>Source Files</Filter>
    </ClCompile>
    <ClCompile Include="src\intro.cpp">
      <Filter>Source Files</Filter>
    </ClCompile>
    <ClCompile Include="src\loading.cc">
      <Filter>Source Files</Filter>
    </ClCompile>
    <ClCompile Include="src\timing.cc">
      <Filter>Source Files</Filter>
    </ClCompile>
    <ClCompile Include="src\sys\msys.cpp">
      <Filter>Source Files\Sys</Filter>
    </ClCompile>
    <ClCompile Include="src\sys\msys_glext.cpp">
      <Filter>Source Files\Sys</Filter>
    </ClCompile>
    <ClCompile Include="src\sys\msys_malloc.cpp">
      <Filter>Source Files\Sys</Filter>
    </ClCompile>
    <ClCompile Include="src\sys\msys_random.cpp">
      <Filter>Source Files\Sys</Filter>
    </ClCompile>
    <ClCompile Include="src\sys\_windows\main_deb.cpp">
      <Filter>Source Files\Sys\_windows</Filter>
    </ClCompile>
    <ClCompile Include="src\sys\_windows\main_rel.cpp">
      <Filter>Source Files\Sys\_windows</Filter>
    </ClCompile>
    <ClCompile Include="src\sys\_windows\msys_debugOS.cpp">
      <Filter>Source Files\Sys\_windows</Filter>
    </ClCompile>
    <ClCompile Include="src\sys\_windows\msys_fontOS.cpp">
      <Filter>Source Files\Sys\_windows</Filter>
    </ClCompile>
    <ClCompile Include="src\sys\_windows\msys_mmallocOS.cpp">
      <Filter>Source Files\Sys\_windows</Filter>
    </ClCompile>
    <ClCompile Include="src\sys\_windows\msys_soundOS.cpp">
      <Filter>Source Files\Sys\_windows</Filter>
    </ClCompile>
    <ClCompile Include="src\sys\_windows\msys_threadOS.cpp">
      <Filter>Source Files\Sys\_windows</Filter>
    </ClCompile>
    <ClCompile Include="src\sys\_windows\msys_timerOS.cpp">
      <Filter>Source Files\Sys\_windows</Filter>
    </ClCompile>
    <ClCompile Include="src\sys\_windows\x86\memcpy.cpp">
      <Filter>Source Files\Sys\_windows\x86</Filter>
    </ClCompile>
    <ClCompile Include="src\sys\_windows\x86\msys_libcOS.cpp">
      <Filter>Source Files\Sys\_windows\x86</Filter>
    </ClCompile>
    <ClCompile Include="src\sys\_windows\x64\msys_libcOS_deb.cpp">
      <Filter>Source Files\Sys\_windows\x64</Filter>
    </ClCompile>
    <ClCompile Include="src\sys\_windows\x64\msys_libcOS_rel.cpp">
      <Filter>Source Files\Sys\_windows\x64</Filter>
    </ClCompile>
    <ClCompile Include="src\sys\_linux\main_deb.cpp">
      <Filter>Source Files\Sys\_linux</Filter>
    </ClCompile>
    <ClCompile Include="src\sys\_linux\main_rel.cpp">
      <Filter>Source Files\Sys\_linux</Filter>
    </ClCompile>
    <ClCompile Include="src\sys\_linux\msys_fontOS.cpp">
      <Filter>Source Files\Sys\_linux</Filter>
    </ClCompile>
    <ClCompile Include="src\sys\_linux\msys_libcOS.cpp">
      <Filter>Source Files\Sys\_linux</Filter>
    </ClCompile>
    <ClCompile Include="src\sys\_linux\msys_mallocOS.cpp">
      <Filter>Source Files\Sys\_linux</Filter>
    </ClCompile>
    <ClCompile Include="src\sys\_linux\msys_math.cpp">
      <Filter>Source Files\Sys\_linux</Filter>
    </ClCompile>
    <ClCompile Include="src\sys\_linux\msys_soundOS.cpp">
      <Filter>Source Files\Sys\_linux</Filter>
    </ClCompile>
    <ClCompile Include="src\sys\_linux\msys_threadOS.cpp">
      <Filter>Source Files\Sys\_linux</Filter>
    </ClCompile>
    <ClCompile Include="src\sys\_linux\msys_timerOS.cpp">
      <Filter>Source Files\Sys\_linux</Filter>
    </ClCompile>
    <ClCompile Include="src\lsystem.cc">
      <Filter>Source Files\L-system</Filter>
    </ClCompile>
    <ClCompile Include="src\camera.cc">
      <Filter>Source Files\Rendering</Filter>
    </ClCompile>
    <ClCompile Include="src\light.cc">
      <Filter>Source Files\Rendering</Filter>
    </ClCompile>
    <ClCompile Include="src\node.cc">
      <Filter>Source Files\Rendering</Filter>
    </ClCompile>
    <ClCompile Include="src\renderable.cc">
      <Filter>Source Files\Rendering</Filter>
    </ClCompile>
    <ClCompile Include="src\renderlist.cc">
      <Filter>Source Files\Rendering</Filter>
    </ClCompile>
    <ClCompile Include="src\transformation.cc">
      <Filter>Source Files\Rendering</Filter>
    </ClCompile>
    <ClCompile Include="src\shaderprogram.cc">
      <Filter>Source Files\Rendering\OpenGL\Shaders</Filter>
    </ClCompile>
    <ClCompile Include="src\shaders.cc">
      <Filter>Source Files\Rendering\OpenGL\Shaders</Filter>
    </ClCompile>
    <ClCompile Include="src\vbodata.cc">
      <Filter>Source Files\Rendering\OpenGL\VBOs</Filter>
    </ClCompile>
    <ClCompile Include="src\vbos.cc">
      <Filter>Source Files\Rendering\OpenGL\VBOs</Filter>
    </ClCompile>
    <ClCompile Include="src\fbodata.cc">
      <Filter>Source Files\Rendering\OpenGL\FBOs</Filter>
    </ClCompile>
    <ClCompile Include="src\fbos.cc">
      <Filter>Source Files\Rendering\OpenGL\FBOs</Filter>
    </ClCompile>
    <ClCompile Include="src\anims.cc">
      <Filter>Source Files\Rendering\Animation</Filter>
    </ClCompile>
    <ClCompile Include="src\lensorbs.cc">
      <Filter>Source Files\Rendering\Post processing</Filter>
    </ClCompile>
    <ClCompile Include="src\textures.cc">
      <Filter>Source Files\Rendering\Textures</Filter>
    </ClCompile>
    <ClCompile Include="src\textureunit.cc">
      <Filter>Source Files\Rendering\Textures</Filter>
    </ClCompile>
    <ClCompile Include="src\font.cc">
      <Filter>Source Files\Rendering\Text</Filter>
    </ClCompile>
    <ClCompile Include="src\fontsticker.cc">
      <Filter>Source Files\Rendering\Text</Filter>
    </ClCompile>
    <ClCompile Include="src\fontwrapper.cc">
      <Filter>Source Files\Rendering\Text</Filter>
    </ClCompile>
    <ClCompile Include="snd\microphone.cc">
      <Filter>Source Files\Sound</Filter>
    </ClCompile>
    <ClCompile Include="snd\sound.cpp">
      <Filter>Source Files\Sound</Filter>
    </ClCompile>
    <ClCompile Include="snd\sync.cc">
      <Filter>Source Files\Sound</Filter>
    </ClCompile>
    <ClCompile Include="snd\v2mplayer.cpp">
      <Filter>Source Files\Sound</Filter>
    </ClCompile>
    <ClCompile Include="src\texgen\noise.cc">
      <Filter>Source Files\Texgen</Filter>
    </ClCompile>
    <ClCompile Include="src\texgen\texture.cc">
      <Filter>Source Files\Texgen</Filter>
    </ClCompile>
    <ClCompile Include="src\dialog.cc">
      <Filter>Source Files\Dialog</Filter>
    </ClCompile>
    <ClCompile Include="src\matrix.cc">
      <Filter>Source Files\Algebra</Filter>
    </ClCompile>
    <ClCompile Include="src\quaternion.cc">
      <Filter>Source Files\Algebra</Filter>
    </ClCompile>
    <ClCompile Include="src\interpolation.cc">
      <Filter>Source Files\Algebra\Interpolation</Filter>
    </ClCompile>
    <ClCompile Include="src\spline.cpp">
      <Filter>Source Files\Algebra\Interpolation</Filter>
    </ClCompile>
    <ClCompile Include="src\cube.cc">
      <Filter>Source Files\Mesh</Filter>
    </ClCompile>
    <ClCompile Include="src\mesh.cc">
      <Filter>Source Files\Mesh</Filter>
    </ClCompile>
    <ClCompile Include="src\revolution.cc">
      <Filter>Source Files\Mesh</Filter>
    </ClCompile>
    <ClCompile Include="src\revolutionfunctions.cc">
      <Filter>Source Files\Mesh</Filter>
    </ClCompile>
    <ClCompile Include="src\sceneimporter.cc">
      <Filter>Source Files\Mesh</Filter>
    </ClCompile>
    <ClCompile Include="src\debug_controls.cc">
      <Filter>Source Files\Tools</Filter>
    </ClCompile>
    <ClCompile Include="src\files.cc">
      <Filter>Source Files\Tools</Filter>
    </ClCompile>
    <ClCompile Include="src\minify.cc">
      <Filter>Source Files\Tools</Filter>
    </ClCompile>
    <ClCompile Include="src\server.cc">
      <Filter>Source Files\Tools</Filter>
    </ClCompile>
    <ClCompile Include="src\stb_image.cc">
      <Filter>Source Files\Tools</Filter>
    </ClCompile>
    <ClCompile Include="src\tweakval.cpp">
      <Filter>Source Files\Tools</Filter>
    </ClCompile>
    <ClCompile Include="src\picoc_binding.cc">
      <Filter>Source Files\Tools\Picoc</Filter>
    </ClCompile>
    <ClCompile Include="src\timeline.cc">
      <Filter>Source Files\Sequencing</Filter>
    </ClCompile>
    <ClCompile Include="src\variable.cc">
      <Filter>Source Files\Sequencing</Filter>
    </ClCompile>
    <ClCompile Include="src\variables_gen.cc">
      <Filter>Source Files\Sequencing</Filter>
    </ClCompile>
    <ClCompile Include="src\phy\constraint.cc">
      <Filter>Source Files\Physique</Filter>
    </ClCompile>
    <ClCompile Include="src\phy\gjk.cc">
      <Filter>Source Files\Physique</Filter>
    </ClCompile>
    <ClCompile Include="src\phy\particle.cc">
      <Filter>Source Files\Physique</Filter>
    </ClCompile>
    <ClCompile Include="src\phy\phy_mesh.cc">
      <Filter>Source Files\Physique</Filter>
    </ClCompile>
    <ClCompile Include="src\phy\world.cc">
      <Filter>Source Files\Physique</Filter>
    </ClCompile>
    <ClCompile Include="src\physic_test.cc">
      <Filter>Source Files\Test Scenes</Filter>
    </ClCompile>
    <ClCompile Include="src\armchair.cc">
      <Filter>Source Files\Workshop</Filter>
    </ClCompile>
    <ClCompile Include="src\bookshelf.cc">
      <Filter>Source Files\Workshop</Filter>
    </ClCompile>
    <ClCompile Include="src\carousel.cc">
      <Filter>Source Files\Workshop</Filter>
    </ClCompile>
    <ClCompile Include="src\chess.cc">
      <Filter>Source Files\Workshop</Filter>
    </ClCompile>
    <ClCompile Include="src\chimney.cc">
      <Filter>Source Files\Workshop</Filter>
    </ClCompile>
    <ClCompile Include="src\clock.cc">
      <Filter>Source Files\Workshop</Filter>
    </ClCompile>
    <ClCompile Include="src\desk.cc">
      <Filter>Source Files\Workshop</Filter>
    </ClCompile>
    <ClCompile Include="src\drum.cc">
      <Filter>Source Files\Workshop</Filter>
    </ClCompile>
    <ClCompile Include="src\harp.cc">
      <Filter>Source Files\Workshop</Filter>
    </ClCompile>
    <ClCompile Include="src\lousianne.cc">
      <Filter>Source Files\Workshop</Filter>
    </ClCompile>
    <ClCompile Include="src\luxo.cc">
      <Filter>Source Files\Workshop</Filter>
    </ClCompile>
    <ClCompile Include="src\musicbox.cc">
      <Filter>Source Files\Workshop</Filter>
    </ClCompile>
    <ClCompile Include="src\orgalame.cc">
      <Filter>Source Files\Workshop</Filter>
    </ClCompile>
    <ClCompile Include="src\pascontent.cc">
      <Filter>Source Files\Workshop</Filter>
    </ClCompile>
    <ClCompile Include="src\puppet.cc">
      <Filter>Source Files\Workshop</Filter>
    </ClCompile>
    <ClCompile Include="src\shelf.cc">
      <Filter>Source Files\Workshop</Filter>
    </ClCompile>
    <ClCompile Include="src\stool.cc">
      <Filter>Source Files\Workshop</Filter>
    </ClCompile>
    <ClCompile Include="src\table.cc">
      <Filter>Source Files\Workshop</Filter>
    </ClCompile>
    <ClCompile Include="src\workshop.cc">
      <Filter>Source Files\Workshop</Filter>
    </ClCompile>
    <ClCompile Include="src\xylotrain.cc">
      <Filter>Source Files\Workshop</Filter>
    </ClCompile>
    <ClCompile Include="data\textures\albedoTest.cc">
      <Filter>Data\Textures</Filter>
    </ClCompile>
    <ClCompile Include="data\textures\armchair.cc">
      <Filter>Data\Textures</Filter>
    </ClCompile>
    <ClCompile Include="data\textures\book.cc">
      <Filter>Data\Textures</Filter>
    </ClCompile>
    <ClCompile Include="data\textures\brick.cc">
      <Filter>Data\Textures</Filter>
    </ClCompile>
    <ClCompile Include="data\textures\bumpTest.cc">
      <Filter>Data\Textures</Filter>
    </ClCompile>
    <ClCompile Include="data\textures\clock.cc">
      <Filter>Data\Textures</Filter>
    </ClCompile>
    <ClCompile Include="data\textures\door.cc">
      <Filter>Data\Textures</Filter>
    </ClCompile>
    <ClCompile Include="data\textures\felix.cc">
      <Filter>Data\Textures</Filter>
    </ClCompile>
    <ClCompile Include="data\textures\flag.cc">
      <Filter>Data\Textures</Filter>
    </ClCompile>
    <ClCompile Include="data\textures\irisBokeh.cc">
      <Filter>Data\Textures</Filter>
    </ClCompile>
    <ClCompile Include="data\textures\lousianne.cc">
      <Filter>Data\Textures</Filter>
    </ClCompile>
    <ClCompile Include="data\textures\musicbox.cc">
      <Filter>Data\Textures</Filter>
    </ClCompile>
    <ClCompile Include="data\textures\painting.cc">
      <Filter>Data\Textures</Filter>
    </ClCompile>
    <ClCompile Include="data\textures\paper.cc">
      <Filter>Data\Textures</Filter>
    </ClCompile>
    <ClCompile Include="data\textures\pen.cc">
      <Filter>Data\Textures</Filter>
    </ClCompile>
    <ClCompile Include="data\textures\puppet.cc">
      <Filter>Data\Textures</Filter>
    </ClCompile>
    <ClCompile Include="data\textures\sky.cc">
      <Filter>Data\Textures</Filter>
    </ClCompile>
    <ClCompile Include="data\textures\specularTest.cc">
      <Filter>Data\Textures</Filter>
    </ClCompile>
    <ClCompile Include="data\textures\textureList.cc">
      <Filter>Data\Textures</Filter>
    </ClCompile>
    <ClCompile Include="data\textures\train.cc">
      <Filter>Data\Textures</Filter>
    </ClCompile>
    <ClCompile Include="data\textures\wall.cc">
      <Filter>Data\Textures</Filter>
    </ClCompile>
    <ClCompile Include="data\textures\wood.cc">
      <Filter>Data\Textures</Filter>
    </ClCompile>
    <ClCompile Include="data\textures\woodB.cc">
      <Filter>Data\Textures</Filter>
    </ClCompile>
    <ClCompile Include="src\texgen\picoc_library.cc" />
    <ClCompile Include="src\texgen\picoc_platform.cc" />
  </ItemGroup>
  <ItemGroup>
    <ClInclude Include="src\sys\events.h">
      <Filter>Source Files\Sys</Filter>
    </ClInclude>
    <ClInclude Include="src\sys\glext.h">
      <Filter>Source Files\Sys</Filter>
    </ClInclude>
    <ClInclude Include="src\sys\msys.h">
      <Filter>Source Files\Sys</Filter>
    </ClInclude>
    <ClInclude Include="src\sys\msys_debug.h">
      <Filter>Source Files\Sys</Filter>
    </ClInclude>
    <ClInclude Include="src\sys\msys_font.h">
      <Filter>Source Files\Sys</Filter>
    </ClInclude>
    <ClInclude Include="src\sys\msys_forbidden.h">
      <Filter>Source Files\Sys</Filter>
    </ClInclude>
    <ClInclude Include="src\sys\msys_glext.h">
      <Filter>Source Files\Sys</Filter>
    </ClInclude>
    <ClInclude Include="src\sys\msys_libc.h">
      <Filter>Source Files\Sys</Filter>
    </ClInclude>
    <ClInclude Include="src\sys\msys_malloc.h">
      <Filter>Source Files\Sys</Filter>
    </ClInclude>
    <ClInclude Include="src\sys\msys_random.h">
      <Filter>Source Files\Sys</Filter>
    </ClInclude>
    <ClInclude Include="src\sys\msys_sound.h">
      <Filter>Source Files\Sys</Filter>
    </ClInclude>
    <ClInclude Include="src\sys\msys_thread.h">
      <Filter>Source Files\Sys</Filter>
    </ClInclude>
    <ClInclude Include="src\sys\msys_timer.h">
      <Filter>Source Files\Sys</Filter>
    </ClInclude>
    <ClInclude Include="src\sys\msys_types.h">
      <Filter>Source Files\Sys</Filter>
    </ClInclude>
    <ClInclude Include="src\sys\_windows\x86\memcpy.h">
      <Filter>Source Files\Sys\_windows\x86</Filter>
    </ClInclude>
    <ClInclude Include="src\node.hxx">
      <Filter>Source Files\Rendering</Filter>
    </ClInclude>
    <ClInclude Include="src\renderable.hxx">
      <Filter>Source Files\Rendering</Filter>
    </ClInclude>
    <ClInclude Include="src\renderlist.hxx">
      <Filter>Source Files\Rendering</Filter>
    </ClInclude>
    <ClInclude Include="src\shaderprogram.hxx">
      <Filter>Source Files\Rendering\OpenGL\Shaders</Filter>
    </ClInclude>
    <ClInclude Include="src\vbodata.hxx">
      <Filter>Source Files\Rendering\OpenGL\VBOs</Filter>
    </ClInclude>
    <ClInclude Include="src\fbodata.hxx">
      <Filter>Source Files\Rendering\OpenGL\FBOs</Filter>
    </ClInclude>
    <ClInclude Include="src\anim.hxx">
      <Filter>Source Files\Rendering\Animation</Filter>
    </ClInclude>
    <ClInclude Include="src\textureunit.hxx">
      <Filter>Source Files\Rendering\Textures</Filter>
    </ClInclude>
    <ClInclude Include="src\array.hxx">
      <Filter>Source Files\Containers</Filter>
    </ClInclude>
    <ClInclude Include="snd\libv2.h">
      <Filter>Source Files\Sound</Filter>
    </ClInclude>
    <ClInclude Include="snd\sound.h">
      <Filter>Source Files\Sound</Filter>
    </ClInclude>
    <ClInclude Include="snd\v2mplayer.h">
      <Filter>Source Files\Sound</Filter>
    </ClInclude>
    <ClInclude Include="src\dialog.hxx">
      <Filter>Source Files\Dialog</Filter>
    </ClInclude>
    <ClInclude Include="src\spline.h">
      <Filter>Source Files\Algebra\Interpolation</Filter>
    </ClInclude>
    <ClInclude Include="src\tweakval.h">
      <Filter>Source Files\Tools</Filter>
    </ClInclude>
    <ClInclude Include="src\phy\constraint.hxx">
      <Filter>Source Files\Physique</Filter>
    </ClInclude>
    <ClInclude Include="src\phy\particle.hxx">
      <Filter>Source Files\Physique</Filter>
    </ClInclude>
    <ClInclude Include="src\phy\world.hxx">
      <Filter>Source Files\Physique</Filter>
    </ClInclude>
  </ItemGroup>
  <ItemGroup>
    <CustomBuild Include="src\sys\_windows\x64\msys_libcOS_rel_asm.asm">
      <Filter>Source Files\Sys\_windows\x64</Filter>
    </CustomBuild>
    <CustomBuild Include="snd\tune.asm">
      <Filter>Source Files\Sound</Filter>
    </CustomBuild>
    <CustomBuild Include="src\physic_test.hh">
      <Filter>Source Files\Test Scenes</Filter>
    </CustomBuild>
    <CustomBuild Include="F.nfo" />
  </ItemGroup>
</Project>