
Microsoft Visual Studio Solution File, Format Version 11.00
# Visual C++ Express 2010
Project("{8BC9CEB8-8B4A-11D0-8D11-00A0C91BC942}") = "GraphicLayer", "GraphicLayer.vcxproj", "{6850D231-F9F9-47A3-AF93-F90D201D5976}"
EndProject
Project("{8BC9CEB8-8B4A-11D0-8D11-00A0C91BC942}") = "Engine", "Engine.vcxproj", "{F52A974B-592A-48EA-9952-C460A779F25C}"
EndProject
Project("{8BC9CEB8-8B4A-11D0-8D11-00A0C91BC942}") = "tlibc", "..\..\thirdparty\tlibc\tlibc.vcxproj", "{4E15033F-45F2-4765-926E-E86660EF6C85}"
EndProject
Project("{8BC9CEB8-8B4A-11D0-8D11-00A0C91BC942}") = "RuntimeObjectSystem_VS2012", "..\..\thirdparty\RuntimeCompiledCPlusPlus\RuntimeObjectSystem\RuntimeObjectSystem_VS2012.vcxproj", "{FA4E24F1-885C-406B-89A8-436F28D090B2}"
EndProject
Project("{8BC9CEB8-8B4A-11D0-8D11-00A0C91BC942}") = "RuntimeCompiler_VS2012", "..\..\thirdparty\RuntimeCompiledCPlusPlus\RuntimeCompiler\RuntimeCompiler_VS2012.vcxproj", "{790D95ED-C6E6-24E5-345B-37FB1E098082}"
EndProject
Project("{2150E333-8FDC-42A3-9474-1A3956D46DE8}") = "Libraries", "Libraries", "{F0E2409F-CA40-4C83-9F5A-37BAE687CBEA}"
EndProject
Project("{2150E333-8FDC-42A3-9474-1A3956D46DE8}") = "Projects", "Projects", "{5F4599BF-D5E2-4A7F-92FE-ED504BCAEE71}"
EndProject
Project("{2150E333-8FDC-42A3-9474-1A3956D46DE8}") = "Third party", "Third party", "{547AA6DE-6A66-4E55-96CD-EA3C1209BEF7}"
EndProject
Project("{8BC9CEB8-8B4A-11D0-8D11-00A0C91BC942}") = "MeshPlayground", "MeshPlayground.vcxproj", "{83BD7BEC-98DB-457D-8A00-4095B80A7F9F}"
EndProject
Project("{8BC9CEB8-8B4A-11D0-8D11-00A0C91BC942}") = "UnitTest++", "UnitTest++.vcxproj", "{ABF85931-E517-4E24-ACE3-0C25582502AB}"
EndProject
Project("{8BC9CEB8-8B4A-11D0-8D11-00A0C91BC942}") = "UnitTests", "UnitTests.vcxproj", "{D327ABAD-1C55-4C7E-B676-542057787250}"
EndProject
Project("{8BC9CEB8-8B4A-11D0-8D11-00A0C91BC942}") = "H", "H.vcxproj", "{9085F839-D813-4ACF-9D62-A750CB8DFF6B}"
	ProjectSection(ProjectDependencies) = postProject
		{4E15033F-45F2-4765-926E-E86660EF6C85} = {4E15033F-45F2-4765-926E-E86660EF6C85}
	EndProjectSection
EndProject
Global
	GlobalSection(SolutionConfigurationPlatforms) = preSolution
		Debug|Win32 = Debug|Win32
		DebugRelease|Win32 = DebugRelease|Win32
		Release|Win32 = Release|Win32
	EndGlobalSection
	GlobalSection(ProjectConfigurationPlatforms) = postSolution
		{542450B7-7A75-46E7-878B-51CEB5E5F0D7}.Debug|Win32.ActiveCfg = Debug|Win32
		{542450B7-7A75-46E7-878B-51CEB5E5F0D7}.Debug|Win32.Build.0 = Debug|Win32
		{542450B7-7A75-46E7-878B-51CEB5E5F0D7}.DebugRelease|Win32.ActiveCfg = DebugRelease|Win32
		{542450B7-7A75-46E7-878B-51CEB5E5F0D7}.DebugRelease|Win32.Build.0 = DebugRelease|Win32
		{542450B7-7A75-46E7-878B-51CEB5E5F0D7}.Release|Win32.ActiveCfg = Release|Win32
		{542450B7-7A75-46E7-878B-51CEB5E5F0D7}.Release|Win32.Build.0 = Release|Win32
		{6850D231-F9F9-47A3-AF93-F90D201D5976}.Debug|Win32.ActiveCfg = Debug|Win32
		{6850D231-F9F9-47A3-AF93-F90D201D5976}.Debug|Win32.Build.0 = Debug|Win32
		{6850D231-F9F9-47A3-AF93-F90D201D5976}.DebugRelease|Win32.ActiveCfg = DebugRelease|Win32
		{6850D231-F9F9-47A3-AF93-F90D201D5976}.DebugRelease|Win32.Build.0 = DebugRelease|Win32
		{6850D231-F9F9-47A3-AF93-F90D201D5976}.Release|Win32.ActiveCfg = Release|Win32
		{6850D231-F9F9-47A3-AF93-F90D201D5976}.Release|Win32.Build.0 = Release|Win32
		{F52A974B-592A-48EA-9952-C460A779F25C}.Debug|Win32.ActiveCfg = Debug|Win32
		{F52A974B-592A-48EA-9952-C460A779F25C}.Debug|Win32.Build.0 = Debug|Win32
		{F52A974B-592A-48EA-9952-C460A779F25C}.DebugRelease|Win32.ActiveCfg = DebugRelease|Win32
		{F52A974B-592A-48EA-9952-C460A779F25C}.DebugRelease|Win32.Build.0 = DebugRelease|Win32
		{F52A974B-592A-48EA-9952-C460A779F25C}.Release|Win32.ActiveCfg = Release|Win32
		{F52A974B-592A-48EA-9952-C460A779F25C}.Release|Win32.Build.0 = Release|Win32
		{7D7D336F-C145-4374-B203-E123D9DB295D}.Debug|Win32.ActiveCfg = Debug|Win32
		{7D7D336F-C145-4374-B203-E123D9DB295D}.Debug|Win32.Build.0 = Debug|Win32
		{7D7D336F-C145-4374-B203-E123D9DB295D}.DebugRelease|Win32.ActiveCfg = DebugRelease|Win32
		{7D7D336F-C145-4374-B203-E123D9DB295D}.DebugRelease|Win32.Build.0 = DebugRelease|Win32
		{7D7D336F-C145-4374-B203-E123D9DB295D}.Release|Win32.ActiveCfg = Release|Win32
		{7D7D336F-C145-4374-B203-E123D9DB295D}.Release|Win32.Build.0 = Release|Win32
		{4E15033F-45F2-4765-926E-E86660EF6C85}.Debug|Win32.ActiveCfg = Debug|Win32
		{4E15033F-45F2-4765-926E-E86660EF6C85}.Debug|Win32.Build.0 = Debug|Win32
		{4E15033F-45F2-4765-926E-E86660EF6C85}.DebugRelease|Win32.ActiveCfg = DebugRelease|Win32
		{4E15033F-45F2-4765-926E-E86660EF6C85}.DebugRelease|Win32.Build.0 = DebugRelease|Win32
		{4E15033F-45F2-4765-926E-E86660EF6C85}.Release|Win32.ActiveCfg = Release|Win32
		{4E15033F-45F2-4765-926E-E86660EF6C85}.Release|Win32.Build.0 = Release|Win32
		{FA4E24F1-885C-406B-89A8-436F28D090B2}.Debug|Win32.ActiveCfg = Debug|Win32
		{FA4E24F1-885C-406B-89A8-436F28D090B2}.Debug|Win32.Build.0 = Debug|Win32
		{FA4E24F1-885C-406B-89A8-436F28D090B2}.DebugRelease|Win32.ActiveCfg = Release|Win32
		{FA4E24F1-885C-406B-89A8-436F28D090B2}.DebugRelease|Win32.Build.0 = Release|Win32
		{FA4E24F1-885C-406B-89A8-436F28D090B2}.Release|Win32.ActiveCfg = Release|Win32
		{FA4E24F1-885C-406B-89A8-436F28D090B2}.Release|Win32.Build.0 = Release|Win32
		{790D95ED-C6E6-24E5-345B-37FB1E098082}.Debug|Win32.ActiveCfg = Debug|Win32
		{790D95ED-C6E6-24E5-345B-37FB1E098082}.Debug|Win32.Build.0 = Debug|Win32
		{790D95ED-C6E6-24E5-345B-37FB1E098082}.DebugRelease|Win32.ActiveCfg = Release|Win32
		{790D95ED-C6E6-24E5-345B-37FB1E098082}.DebugRelease|Win32.Build.0 = Release|Win32
		{790D95ED-C6E6-24E5-345B-37FB1E098082}.Release|Win32.ActiveCfg = Release|Win32
		{790D95ED-C6E6-24E5-345B-37FB1E098082}.Release|Win32.Build.0 = Release|Win32
		{83BD7BEC-98DB-457D-8A00-4095B80A7F9F}.Debug|Win32.ActiveCfg = Debug|Win32
		{83BD7BEC-98DB-457D-8A00-4095B80A7F9F}.Debug|Win32.Build.0 = Debug|Win32
		{83BD7BEC-98DB-457D-8A00-4095B80A7F9F}.DebugRelease|Win32.ActiveCfg = DebugRelease|Win32
		{83BD7BEC-98DB-457D-8A00-4095B80A7F9F}.Release|Win32.ActiveCfg = Release|Win32
		{ABF85931-E517-4E24-ACE3-0C25582502AB}.Debug|Win32.ActiveCfg = Debug|Win32
		{ABF85931-E517-4E24-ACE3-0C25582502AB}.Debug|Win32.Build.0 = Debug|Win32
		{ABF85931-E517-4E24-ACE3-0C25582502AB}.DebugRelease|Win32.ActiveCfg = Release|Win32
		{ABF85931-E517-4E24-ACE3-0C25582502AB}.Release|Win32.ActiveCfg = Release|Win32
		{D327ABAD-1C55-4C7E-B676-542057787250}.Debug|Win32.ActiveCfg = Debug|Win32
		{D327ABAD-1C55-4C7E-B676-542057787250}.Debug|Win32.Build.0 = Debug|Win32
		{D327ABAD-1C55-4C7E-B676-542057787250}.DebugRelease|Win32.ActiveCfg = Release|Win32
		{D327ABAD-1C55-4C7E-B676-542057787250}.Release|Win32.ActiveCfg = Release|Win32
		{7BA826BA-D8FE-4904-ACF0-08C4A9DD9EF0}.Debug|Win32.ActiveCfg = Debug|Win32
		{7BA826BA-D8FE-4904-ACF0-08C4A9DD9EF0}.Debug|Win32.Build.0 = Debug|Win32
		{7BA826BA-D8FE-4904-ACF0-08C4A9DD9EF0}.DebugRelease|Win32.ActiveCfg = DebugRelease|Win32
		{7BA826BA-D8FE-4904-ACF0-08C4A9DD9EF0}.DebugRelease|Win32.Build.0 = DebugRelease|Win32
		{7BA826BA-D8FE-4904-ACF0-08C4A9DD9EF0}.Release|Win32.ActiveCfg = Release|Win32
		{7BA826BA-D8FE-4904-ACF0-08C4A9DD9EF0}.Release|Win32.Build.0 = Release|Win32
		{9085F839-D813-4ACF-9D62-A750CB8DFF6B}.Debug|Win32.ActiveCfg = Debug|Win32
		{9085F839-D813-4ACF-9D62-A750CB8DFF6B}.Debug|Win32.Build.0 = Debug|Win32
		{9085F839-D813-4ACF-9D62-A750CB8DFF6B}.DebugRelease|Win32.ActiveCfg = DebugRelease|Win32
		{9085F839-D813-4ACF-9D62-A750CB8DFF6B}.DebugRelease|Win32.Build.0 = DebugRelease|Win32
		{9085F839-D813-4ACF-9D62-A750CB8DFF6B}.Release|Win32.ActiveCfg = Release|Win32
		{9085F839-D813-4ACF-9D62-A750CB8DFF6B}.Release|Win32.Build.0 = Release|Win32
		{59582126-A8E9-41A6-90B2-26EB98AB3D79}.Debug|Win32.ActiveCfg = Debug|Win32
		{59582126-A8E9-41A6-90B2-26EB98AB3D79}.Debug|Win32.Build.0 = Debug|Win32
		{59582126-A8E9-41A6-90B2-26EB98AB3D79}.DebugRelease|Win32.ActiveCfg = DebugRelease|Win32
		{59582126-A8E9-41A6-90B2-26EB98AB3D79}.DebugRelease|Win32.Build.0 = DebugRelease|Win32
		{59582126-A8E9-41A6-90B2-26EB98AB3D79}.Release|Win32.ActiveCfg = Release|Win32
		{59582126-A8E9-41A6-90B2-26EB98AB3D79}.Release|Win32.Build.0 = Release|Win32
	EndGlobalSection
	GlobalSection(SolutionProperties) = preSolution
		HideSolutionNode = FALSE
	EndGlobalSection
	GlobalSection(NestedProjects) = preSolution
		{7D7D336F-C145-4374-B203-E123D9DB295D} = {5F4599BF-D5E2-4A7F-92FE-ED504BCAEE71}
		{542450B7-7A75-46E7-878B-51CEB5E5F0D7} = {5F4599BF-D5E2-4A7F-92FE-ED504BCAEE71}
		{83BD7BEC-98DB-457D-8A00-4095B80A7F9F} = {5F4599BF-D5E2-4A7F-92FE-ED504BCAEE71}
		{D327ABAD-1C55-4C7E-B676-542057787250} = {5F4599BF-D5E2-4A7F-92FE-ED504BCAEE71}
		{7BA826BA-D8FE-4904-ACF0-08C4A9DD9EF0} = {5F4599BF-D5E2-4A7F-92FE-ED504BCAEE71}
		{9085F839-D813-4ACF-9D62-A750CB8DFF6B} = {5F4599BF-D5E2-4A7F-92FE-ED504BCAEE71}
		{59582126-A8E9-41A6-90B2-26EB98AB3D79} = {5F4599BF-D5E2-4A7F-92FE-ED504BCAEE71}
		{F52A974B-592A-48EA-9952-C460A779F25C} = {F0E2409F-CA40-4C83-9F5A-37BAE687CBEA}
		{6850D231-F9F9-47A3-AF93-F90D201D5976} = {F0E2409F-CA40-4C83-9F5A-37BAE687CBEA}
		{FA4E24F1-885C-406B-89A8-436F28D090B2} = {547AA6DE-6A66-4E55-96CD-EA3C1209BEF7}
		{790D95ED-C6E6-24E5-345B-37FB1E098082} = {547AA6DE-6A66-4E55-96CD-EA3C1209BEF7}
		{4E15033F-45F2-4765-926E-E86660EF6C85} = {547AA6DE-6A66-4E55-96CD-EA3C1209BEF7}
		{ABF85931-E517-4E24-ACE3-0C25582502AB} = {547AA6DE-6A66-4E55-96CD-EA3C1209BEF7}
	EndGlobalSection
EndGlobal
