
Microsoft Visual Studio Solution File, Format Version 10.00
# Visual C++ Express 2008
Project("{8BC9CEB8-8B4A-11D0-8D11-00A0C91BC942}") = "Engine", "engine.vcproj", "{91B645FD-82AF-44D4-9D0A-CD74BC0CAC3C}"
	ProjectSection(ProjectDependencies) = postProject
		{598453CE-1733-4940-AF9A-38CF2A790870} = {598453CE-1733-4940-AF9A-38CF2A790870}
		{AE8967DB-EEFD-4738-B32F-E7F3E732D684} = {AE8967DB-EEFD-4738-B32F-E7F3E732D684}
	EndProjectSection
EndProject
Project("{8BC9CEB8-8B4A-11D0-8D11-00A0C91BC942}") = "picoc", "..\tools\picoc\picoc.vcproj", "{AE8967DB-EEFD-4738-B32F-E7F3E732D684}"
EndProject
Project("{8BC9CEB8-8B4A-11D0-8D11-00A0C91BC942}") = "G", "G.vcproj", "{B89CF697-86C0-426B-AD6C-C207024C8A86}"
EndProject
Project("{8BC9CEB8-8B4A-11D0-8D11-00A0C91BC942}") = "stbimage", "stbimage\stbimage.vcproj", "{598453CE-1733-4940-AF9A-38CF2A790870}"
EndProject
Global
	GlobalSection(SolutionConfigurationPlatforms) = preSolution
		Debug|Win32 = Debug|Win32
		DebugRelease|Win32 = DebugRelease|Win32
		Release|Win32 = Release|Win32
	EndGlobalSection
	GlobalSection(ProjectConfigurationPlatforms) = postSolution
		{91B645FD-82AF-44D4-9D0A-CD74BC0CAC3C}.Debug|Win32.ActiveCfg = Debug|Win32
		{91B645FD-82AF-44D4-9D0A-CD74BC0CAC3C}.Debug|Win32.Build.0 = Debug|Win32
		{91B645FD-82AF-44D4-9D0A-CD74BC0CAC3C}.DebugRelease|Win32.ActiveCfg = DebugRelease|Win32
		{91B645FD-82AF-44D4-9D0A-CD74BC0CAC3C}.DebugRelease|Win32.Build.0 = DebugRelease|Win32
		{91B645FD-82AF-44D4-9D0A-CD74BC0CAC3C}.Release|Win32.ActiveCfg = Release|Win32
		{91B645FD-82AF-44D4-9D0A-CD74BC0CAC3C}.Release|Win32.Build.0 = Release|Win32
		{AE8967DB-EEFD-4738-B32F-E7F3E732D684}.Debug|Win32.ActiveCfg = Debug|Win32
		{AE8967DB-EEFD-4738-B32F-E7F3E732D684}.Debug|Win32.Build.0 = Debug|Win32
		{AE8967DB-EEFD-4738-B32F-E7F3E732D684}.DebugRelease|Win32.ActiveCfg = Debug|Win32
		{AE8967DB-EEFD-4738-B32F-E7F3E732D684}.Release|Win32.ActiveCfg = Debug|Win32
		{B89CF697-86C0-426B-AD6C-C207024C8A86}.Debug|Win32.ActiveCfg = Debug|Win32
		{B89CF697-86C0-426B-AD6C-C207024C8A86}.Debug|Win32.Build.0 = Debug|Win32
		{B89CF697-86C0-426B-AD6C-C207024C8A86}.DebugRelease|Win32.ActiveCfg = DebugRelease|Win32
		{B89CF697-86C0-426B-AD6C-C207024C8A86}.DebugRelease|Win32.Build.0 = DebugRelease|Win32
		{B89CF697-86C0-426B-AD6C-C207024C8A86}.Release|Win32.ActiveCfg = Release|Win32
		{B89CF697-86C0-426B-AD6C-C207024C8A86}.Release|Win32.Build.0 = Release|Win32
		{598453CE-1733-4940-AF9A-38CF2A790870}.Debug|Win32.ActiveCfg = Debug|Win32
		{598453CE-1733-4940-AF9A-38CF2A790870}.Debug|Win32.Build.0 = Debug|Win32
		{598453CE-1733-4940-AF9A-38CF2A790870}.DebugRelease|Win32.ActiveCfg = Debug|Win32
		{598453CE-1733-4940-AF9A-38CF2A790870}.DebugRelease|Win32.Build.0 = Debug|Win32
		{598453CE-1733-4940-AF9A-38CF2A790870}.Release|Win32.ActiveCfg = Release|Win32
		{598453CE-1733-4940-AF9A-38CF2A790870}.Release|Win32.Build.0 = Release|Win32
	EndGlobalSection
	GlobalSection(SolutionProperties) = preSolution
		HideSolutionNode = FALSE
	EndGlobalSection
EndGlobal
